("quicklisp" .
 (:class qlot/source/dist:source-dist
  :initargs (:distribution "https://beta.quicklisp.org/dist/quicklisp.txt" :%version :latest)
  :version "2026-01-01"))
("rove" .
 (:class qlot/source/ql:source-ql
  :initargs (:%version :latest)
  :version "ql-2026-01-01"))
("dexador" .
 (:class qlot/source/ql:source-ql
  :initargs (:%version :latest)
  :version "ql-2026-01-01"))
("quri" .
 (:class qlot/source/ql:source-ql
  :initargs (:%version :latest)
  :version "ql-2026-01-01"))
("chipz" .
 (:class qlot/source/ql:source-ql
  :initargs (:%version :latest)
  :version "ql-2023-06-18"))
("salza2" .
 (:class qlot/source/ql:source-ql
  :initargs (:%version :latest)
  :version "ql-2021-10-20"))
("trivial-gray-streams" .
 (:class qlot/source/ql:source-ql
  :initargs (:%version :latest)
  :version "ql-2024-10-12"))
("http-protocol" .
 (:class qlot/source/local:source-local
  :initargs (:path "../http-protocol")))
("http-encoding-chipz" .
 (:class qlot/source/local:source-local
  :initargs (:path "../http-encoding-chipz")))
("http-encoding-brotli" .
 (:class qlot/source/local:source-local
  :initargs (:path "../http-encoding-brotli")))
("http-encoding-zstd" .
 (:class qlot/source/local:source-local
  :initargs (:path "../http-encoding-zstd")))
("cl-stack-brotli" .
 (:class qlot/source/local:source-local
  :initargs (:path "../cl-stack-brotli")))
("cl-stack-zstd" .
 (:class qlot/source/local:source-local
  :initargs (:path "../cl-stack-zstd")))
